PODS:
  - flotter (0.2.0):
    - Flutter
    - lottie-ios
  - Flutter (1.0.0)
  - lottie-ios (3.1.1)

DEPENDENCIES:
  - flotter (from `.symlinks/plugins/flotter/ios`)
  - Flutter (from `.symlinks/flutter/ios`)

SPEC REPOS:
  https://github.com/cocoapods/specs.git:
    - lottie-ios

EXTERNAL SOURCES:
  flotter:
    :path: ".symlinks/plugins/flotter/ios"
  Flutter:
    :path: ".symlinks/flutter/ios"

SPEC CHECKSUMS:
  flotter: 880b0653128334e53e303ad7e009dc950b30230c
  Flutter: 58dd7d1b27887414a370fcccb9e645c08ffd7a6a
  lottie-ios: 43a472d22b2dd2bed292cc4010c0b4d2e66d3ba8

PODFILE CHECKSUM: 1f7639d2a69c5ec602fb43d3afb1d31e04798e39

COCOAPODS: 1.7.4
