PODS:
  - flotter (0.3.0):
    - Flutter
    - lottie-ios
  - Flutter (1.0.0)
  - lottie-ios (3.1.2)

DEPENDENCIES:
  - flotter (from `.symlinks/plugins/flotter/ios`)
  - Flutter (from `.symlinks/flutter/ios`)

SPEC REPOS:
  trunk:
    - lottie-ios

EXTERNAL SOURCES:
  flotter:
    :path: ".symlinks/plugins/flotter/ios"
  Flutter:
    :path: ".symlinks/flutter/ios"

SPEC CHECKSUMS:
  flotter: 9aa12c556fd0f7b3c5501668c13694dcd76b8305
  Flutter: 0e3d915762c693b495b44d77113d4970485de6ec
  lottie-ios: 49cd85b1f24f61a7708ad7ec76a523ab2d0e3100

PODFILE CHECKSUM: b3f914e8fd215217245640d39dc855b5780e3195

COCOAPODS: 1.8.4
